
Microsoft Visual Studio Solution File, Format Version 12.00
Project("{2150E333-8FDC-42A3-9474-1A3956D46DE8}") = "src", "src", "{FE85AFB0-B60F-49D9-BD97-8B7D47FCF206}"
EndProject
Project("{FAE04EC0-301F-11D3-BF4B-00C04F79EFBC}") = "Core", "src\Core\Core.csproj", "{22586A93-58EE-491B-A0B5-3167D27C5349}"
EndProject
Project("{FAE04EC0-301F-11D3-BF4B-00C04F79EFBC}") = "Infrastructure", "src\Infrastructure\Infrastructure.csproj", "{E3AE0494-2569-47F3-9903-C1727ED61E3E}"
EndProject
Project("{FAE04EC0-301F-11D3-BF4B-00C04F79EFBC}") = "Api", "src\Api\Api.csproj", "{FF9A85BC-E577-4634-95E9-7FB74A3B0F51}"
EndProject
Project("{2150E333-8FDC-42A3-9474-1A3956D46DE8}") = "tests", "tests", "{BCE06031-46B0-4275-9326-8C3B678302A2}"
EndProject
Project("{FAE04EC0-301F-11D3-BF4B-00C04F79EFBC}") = "Unit", "tests\Unit\Unit.csproj", "{DDF9051A-39E7-42A4-B8C8-BC7116A16D26}"
EndProject
Project("{FAE04EC0-301F-11D3-BF4B-00C04F79EFBC}") = "Integration", "tests\Integration\Integration.csproj", "{C07EDFBA-962E-4061-8195-AA6CDD73BA24}"
EndProject
Project("{FAE04EC0-301F-11D3-BF4B-00C04F79EFBC}") = "Application", "src\Application\Application.csproj", "{46A48B12-16C0-400E-A317-67160C9279ED}"
EndProject
Global
	GlobalSection(SolutionConfigurationPlatforms) = preSolution
		Debug|Any CPU = Debug|Any CPU
		Debug|x64 = Debug|x64
		Debug|x86 = Debug|x86
		Release|Any CPU = Release|Any CPU
		Release|x64 = Release|x64
		Release|x86 = Release|x86
	EndGlobalSection
	GlobalSection(ProjectConfigurationPlatforms) = postSolution
		{22586A93-58EE-491B-A0B5-3167D27C5349}.Debug|Any CPU.ActiveCfg = Debug|Any CPU
		{22586A93-58EE-491B-A0B5-3167D27C5349}.Debug|Any CPU.Build.0 = Debug|Any CPU
		{22586A93-58EE-491B-A0B5-3167D27C5349}.Debug|x64.ActiveCfg = Debug|Any CPU
		{22586A93-58EE-491B-A0B5-3167D27C5349}.Debug|x64.Build.0 = Debug|Any CPU
		{22586A93-58EE-491B-A0B5-3167D27C5349}.Debug|x86.ActiveCfg = Debug|Any CPU
		{22586A93-58EE-491B-A0B5-3167D27C5349}.Debug|x86.Build.0 = Debug|Any CPU
		{22586A93-58EE-491B-A0B5-3167D27C5349}.Release|Any CPU.ActiveCfg = Release|Any CPU
		{22586A93-58EE-491B-A0B5-3167D27C5349}.Release|Any CPU.Build.0 = Release|Any CPU
		{22586A93-58EE-491B-A0B5-3167D27C5349}.Release|x64.ActiveCfg = Release|Any CPU
		{22586A93-58EE-491B-A0B5-3167D27C5349}.Release|x64.Build.0 = Release|Any CPU
		{22586A93-58EE-491B-A0B5-3167D27C5349}.Release|x86.ActiveCfg = Release|Any CPU
		{22586A93-58EE-491B-A0B5-3167D27C5349}.Release|x86.Build.0 = Release|Any CPU
		{E3AE0494-2569-47F3-9903-C1727ED61E3E}.Debug|Any CPU.ActiveCfg = Debug|Any CPU
		{E3AE0494-2569-47F3-9903-C1727ED61E3E}.Debug|Any CPU.Build.0 = Debug|Any CPU
		{E3AE0494-2569-47F3-9903-C1727ED61E3E}.Debug|x64.ActiveCfg = Debug|Any CPU
		{E3AE0494-2569-47F3-9903-C1727ED61E3E}.Debug|x64.Build.0 = Debug|Any CPU
		{E3AE0494-2569-47F3-9903-C1727ED61E3E}.Debug|x86.ActiveCfg = Debug|Any CPU
		{E3AE0494-2569-47F3-9903-C1727ED61E3E}.Debug|x86.Build.0 = Debug|Any CPU
		{E3AE0494-2569-47F3-9903-C1727ED61E3E}.Release|Any CPU.ActiveCfg = Release|Any CPU
		{E3AE0494-2569-47F3-9903-C1727ED61E3E}.Release|Any CPU.Build.0 = Release|Any CPU
		{E3AE0494-2569-47F3-9903-C1727ED61E3E}.Release|x64.ActiveCfg = Release|Any CPU
		{E3AE0494-2569-47F3-9903-C1727ED61E3E}.Release|x64.Build.0 = Release|Any CPU
		{E3AE0494-2569-47F3-9903-C1727ED61E3E}.Release|x86.ActiveCfg = Release|Any CPU
		{E3AE0494-2569-47F3-9903-C1727ED61E3E}.Release|x86.Build.0 = Release|Any CPU
		{FF9A85BC-E577-4634-95E9-7FB74A3B0F51}.Debug|Any CPU.ActiveCfg = Debug|Any CPU
		{FF9A85BC-E577-4634-95E9-7FB74A3B0F51}.Debug|Any CPU.Build.0 = Debug|Any CPU
		{FF9A85BC-E577-4634-95E9-7FB74A3B0F51}.Debug|x64.ActiveCfg = Debug|Any CPU
		{FF9A85BC-E577-4634-95E9-7FB74A3B0F51}.Debug|x64.Build.0 = Debug|Any CPU
		{FF9A85BC-E577-4634-95E9-7FB74A3B0F51}.Debug|x86.ActiveCfg = Debug|Any CPU
		{FF9A85BC-E577-4634-95E9-7FB74A3B0F51}.Debug|x86.Build.0 = Debug|Any CPU
		{FF9A85BC-E577-4634-95E9-7FB74A3B0F51}.Release|Any CPU.ActiveCfg = Release|Any CPU
		{FF9A85BC-E577-4634-95E9-7FB74A3B0F51}.Release|Any CPU.Build.0 = Release|Any CPU
		{FF9A85BC-E577-4634-95E9-7FB74A3B0F51}.Release|x64.ActiveCfg = Release|Any CPU
		{FF9A85BC-E577-4634-95E9-7FB74A3B0F51}.Release|x64.Build.0 = Release|Any CPU
		{FF9A85BC-E577-4634-95E9-7FB74A3B0F51}.Release|x86.ActiveCfg = Release|Any CPU
		{FF9A85BC-E577-4634-95E9-7FB74A3B0F51}.Release|x86.Build.0 = Release|Any CPU
		{DDF9051A-39E7-42A4-B8C8-BC7116A16D26}.Debug|Any CPU.ActiveCfg = Debug|Any CPU
		{DDF9051A-39E7-42A4-B8C8-BC7116A16D26}.Debug|Any CPU.Build.0 = Debug|Any CPU
		{DDF9051A-39E7-42A4-B8C8-BC7116A16D26}.Debug|x64.ActiveCfg = Debug|Any CPU
		{DDF9051A-39E7-42A4-B8C8-BC7116A16D26}.Debug|x64.Build.0 = Debug|Any CPU
		{DDF9051A-39E7-42A4-B8C8-BC7116A16D26}.Debug|x86.ActiveCfg = Debug|Any CPU
		{DDF9051A-39E7-42A4-B8C8-BC7116A16D26}.Debug|x86.Build.0 = Debug|Any CPU
		{DDF9051A-39E7-42A4-B8C8-BC7116A16D26}.Release|Any CPU.ActiveCfg = Release|Any CPU
		{DDF9051A-39E7-42A4-B8C8-BC7116A16D26}.Release|Any CPU.Build.0 = Release|Any CPU
		{DDF9051A-39E7-42A4-B8C8-BC7116A16D26}.Release|x64.ActiveCfg = Release|Any CPU
		{DDF9051A-39E7-42A4-B8C8-BC7116A16D26}.Release|x64.Build.0 = Release|Any CPU
		{DDF9051A-39E7-42A4-B8C8-BC7116A16D26}.Release|x86.ActiveCfg = Release|Any CPU
		{DDF9051A-39E7-42A4-B8C8-BC7116A16D26}.Release|x86.Build.0 = Release|Any CPU
		{C07EDFBA-962E-4061-8195-AA6CDD73BA24}.Debug|Any CPU.ActiveCfg = Debug|Any CPU
		{C07EDFBA-962E-4061-8195-AA6CDD73BA24}.Debug|Any CPU.Build.0 = Debug|Any CPU
		{C07EDFBA-962E-4061-8195-AA6CDD73BA24}.Debug|x64.ActiveCfg = Debug|Any CPU
		{C07EDFBA-962E-4061-8195-AA6CDD73BA24}.Debug|x64.Build.0 = Debug|Any CPU
		{C07EDFBA-962E-4061-8195-AA6CDD73BA24}.Debug|x86.ActiveCfg = Debug|Any CPU
		{C07EDFBA-962E-4061-8195-AA6CDD73BA24}.Debug|x86.Build.0 = Debug|Any CPU
		{C07EDFBA-962E-4061-8195-AA6CDD73BA24}.Release|Any CPU.ActiveCfg = Release|Any CPU
		{C07EDFBA-962E-4061-8195-AA6CDD73BA24}.Release|Any CPU.Build.0 = Release|Any CPU
		{C07EDFBA-962E-4061-8195-AA6CDD73BA24}.Release|x64.ActiveCfg = Release|Any CPU
		{C07EDFBA-962E-4061-8195-AA6CDD73BA24}.Release|x64.Build.0 = Release|Any CPU
		{C07EDFBA-962E-4061-8195-AA6CDD73BA24}.Release|x86.ActiveCfg = Release|Any CPU
		{C07EDFBA-962E-4061-8195-AA6CDD73BA24}.Release|x86.Build.0 = Release|Any CPU
		{46A48B12-16C0-400E-A317-67160C9279ED}.Debug|Any CPU.ActiveCfg = Debug|Any CPU
		{46A48B12-16C0-400E-A317-67160C9279ED}.Debug|Any CPU.Build.0 = Debug|Any CPU
		{46A48B12-16C0-400E-A317-67160C9279ED}.Debug|x64.ActiveCfg = Debug|Any CPU
		{46A48B12-16C0-400E-A317-67160C9279ED}.Debug|x64.Build.0 = Debug|Any CPU
		{46A48B12-16C0-400E-A317-67160C9279ED}.Debug|x86.ActiveCfg = Debug|Any CPU
		{46A48B12-16C0-400E-A317-67160C9279ED}.Debug|x86.Build.0 = Debug|Any CPU
		{46A48B12-16C0-400E-A317-67160C9279ED}.Release|Any CPU.ActiveCfg = Release|Any CPU
		{46A48B12-16C0-400E-A317-67160C9279ED}.Release|Any CPU.Build.0 = Release|Any CPU
		{46A48B12-16C0-400E-A317-67160C9279ED}.Release|x64.ActiveCfg = Release|Any CPU
		{46A48B12-16C0-400E-A317-67160C9279ED}.Release|x64.Build.0 = Release|Any CPU
		{46A48B12-16C0-400E-A317-67160C9279ED}.Release|x86.ActiveCfg = Release|Any CPU
		{46A48B12-16C0-400E-A317-67160C9279ED}.Release|x86.Build.0 = Release|Any CPU
	EndGlobalSection
	GlobalSection(SolutionProperties) = preSolution
		HideSolutionNode = FALSE
	EndGlobalSection
	GlobalSection(NestedProjects) = preSolution
		{22586A93-58EE-491B-A0B5-3167D27C5349} = {FE85AFB0-B60F-49D9-BD97-8B7D47FCF206}
		{E3AE0494-2569-47F3-9903-C1727ED61E3E} = {FE85AFB0-B60F-49D9-BD97-8B7D47FCF206}
		{FF9A85BC-E577-4634-95E9-7FB74A3B0F51} = {FE85AFB0-B60F-49D9-BD97-8B7D47FCF206}
		{DDF9051A-39E7-42A4-B8C8-BC7116A16D26} = {BCE06031-46B0-4275-9326-8C3B678302A2}
		{C07EDFBA-962E-4061-8195-AA6CDD73BA24} = {BCE06031-46B0-4275-9326-8C3B678302A2}
		{46A48B12-16C0-400E-A317-67160C9279ED} = {FE85AFB0-B60F-49D9-BD97-8B7D47FCF206}
	EndGlobalSection
EndGlobal
